
Microsoft Visual Studio Solution File, Format Version 12.00
# Visual Studio Version 16
VisualStudioVersion = 16.0.31025.194
MinimumVisualStudioVersion = 10.0.40219.1
Project("{FAE04EC0-301F-11D3-BF4B-00C04F79EFBC}") = "13439-MatviiZakrevskyi-zd3", "13439-MatviiZakrevskyi-zd3.csproj", "{C6676974-6B59-4827-AD1B-89DA1EA379C0}"
EndProject
Global
	GlobalSection(SolutionConfigurationPlatforms) = preSolution
		Debug|Any CPU = Debug|Any CPU
		Release|Any CPU = Release|Any CPU
	EndGlobalSection
	GlobalSection(ProjectConfigurationPlatforms) = postSolution
		{C6676974-6B59-4827-AD1B-89DA1EA379C0}.Debug|Any CPU.ActiveCfg = Debug|Any CPU
		{C6676974-6B59-4827-AD1B-89DA1EA379C0}.Debug|Any CPU.Build.0 = Debug|Any CPU
		{C6676974-6B59-4827-AD1B-89DA1EA379C0}.Release|Any CPU.ActiveCfg = Release|Any CPU
		{C6676974-6B59-4827-AD1B-89DA1EA379C0}.Release|Any CPU.Build.0 = Release|Any CPU
	EndGlobalSection
	GlobalSection(SolutionProperties) = preSolution
		HideSolutionNode = FALSE
	EndGlobalSection
	GlobalSection(ExtensibilityGlobals) = postSolution
		SolutionGuid = {B0835D2D-164C-445F-B0F9-72B7C0BCA815}
	EndGlobalSection
EndGlobal
